// !$*UTF8*$!
{
	archiveVersion = 1;
	classes = {
	};
	objectVersion = 46;
	objects = {

/* Begin PBXBuildFile section */
		741007E31802F6920002789A /* Page3ViewController.m in Sources */ = {isa = PBXBuildFile; fileRef = 741007CA1802F6920002789A /* Page3ViewController.m */; };
		741007E51802F6920002789A /* Page5ViewController.m in Sources */ = {isa = PBXBuildFile; fileRef = 741007CE1802F6920002789A /* Page5ViewController.m */; };
		741008321802F9F90002789A /* Page4ViewController.m in Sources */ = {isa = PBXBuildFile; fileRef = 741008311802F9F90002789A /* Page4ViewController.m */; };
		741008361802FAD90002789A /* showToolListData.plist in Resources */ = {isa = PBXBuildFile; fileRef = 741008351802FAD90002789A /* showToolListData.plist */; };
		7410084B1802FAEA0002789A /* Test5ViewController.xib in Resources */ = {isa = PBXBuildFile; fileRef = 741008381802FAEA0002789A /* Test5ViewController.xib */; };
		7410084C1802FAEA0002789A /* LotteryEntry.m in Sources */ = {isa = PBXBuildFile; fileRef = 7410083B1802FAEA0002789A /* LotteryEntry.m */; };
		7410084D1802FAEA0002789A /* Test1ViewController.m in Sources */ = {isa = PBXBuildFile; fileRef = 7410083D1802FAEA0002789A /* Test1ViewController.m */; };
		7410084E1802FAEA0002789A /* Test2ViewController.m in Sources */ = {isa = PBXBuildFile; fileRef = 7410083F1802FAEA0002789A /* Test2ViewController.m */; };
		7410084F1802FAEA0002789A /* Test2ViewController.xib in Resources */ = {isa = PBXBuildFile; fileRef = 741008401802FAEA0002789A /* Test2ViewController.xib */; };
		741008501802FAEA0002789A /* Test3ViewController.m in Sources */ = {isa = PBXBuildFile; fileRef = 741008421802FAEA0002789A /* Test3ViewController.m */; };
		741008511802FAEA0002789A /* Test3ViewController.xib in Resources */ = {isa = PBXBuildFile; fileRef = 741008431802FAEA0002789A /* Test3ViewController.xib */; };
		741008521802FAEA0002789A /* Test4ViewController.m in Sources */ = {isa = PBXBuildFile; fileRef = 741008451802FAEA0002789A /* Test4ViewController.m */; };
		741008531802FAEA0002789A /* Test4ViewController.xib in Resources */ = {isa = PBXBuildFile; fileRef = 741008461802FAEA0002789A /* Test4ViewController.xib */; };
		741008541802FAEA0002789A /* Test5ViewController.m in Sources */ = {isa = PBXBuildFile; fileRef = 741008481802FAEA0002789A /* Test5ViewController.m */; };
		741008551802FAEA0002789A /* Test6ViewController.m in Sources */ = {isa = PBXBuildFile; fileRef = 7410084A1802FAEA0002789A /* Test6ViewController.m */; };
		74378A9C17FED12D0050405F /* QuartzCore.framework in Frameworks */ = {isa = PBXBuildFile; fileRef = 74378A9B17FED12D0050405F /* QuartzCore.framework */; };
		74863DD617FD883100D2B101 /* AVFoundation.framework in Frameworks */ = {isa = PBXBuildFile; fileRef = 74863DD517FD883100D2B101 /* AVFoundation.framework */; };
		74BD0374181FFFEB00C93BE9 /* img_record_progress@2x.png in Resources */ = {isa = PBXBuildFile; fileRef = 74BD0371181FFFEB00C93BE9 /* img_record_progress@2x.png */; };
		74BD0375181FFFEB00C93BE9 /* img_record_nine@2x.png in Resources */ = {isa = PBXBuildFile; fileRef = 74BD0372181FFFEB00C93BE9 /* img_record_nine@2x.png */; };
		74BD0376181FFFEB00C93BE9 /* img_record_one@2x.png in Resources */ = {isa = PBXBuildFile; fileRef = 74BD0373181FFFEB00C93BE9 /* img_record_one@2x.png */; };
		74BE77BA181EACE100ACCC71 /* Page6ViewController.m in Sources */ = {isa = PBXBuildFile; fileRef = 74BE77B9181EACE100ACCC71 /* Page6ViewController.m */; };
		74BE77C0181EAEE300ACCC71 /* img_messagerecord_btn@2x.png in Resources */ = {isa = PBXBuildFile; fileRef = 74BE77BC181EAEE300ACCC71 /* img_messagerecord_btn@2x.png */; };
		74BE77C1181EAEE300ACCC71 /* img_messagerecord_one@2x.png in Resources */ = {isa = PBXBuildFile; fileRef = 74BE77BD181EAEE300ACCC71 /* img_messagerecord_one@2x.png */; };
		74BE77C2181EAEE300ACCC71 /* img_messagerecord_three@2x.png in Resources */ = {isa = PBXBuildFile; fileRef = 74BE77BE181EAEE300ACCC71 /* img_messagerecord_three@2x.png */; };
		74BE77C3181EAEE300ACCC71 /* img_messagerecord_two@2x.png in Resources */ = {isa = PBXBuildFile; fileRef = 74BE77BF181EAEE300ACCC71 /* img_messagerecord_two@2x.png */; };
		74DEB56917FBEF7E00FD024A /* testSource.plist in Resources */ = {isa = PBXBuildFile; fileRef = 74DEB56817FBEF7E00FD024A /* testSource.plist */; };
		B11F72AD17DDC5A900295F6F /* UIKit.framework in Frameworks */ = {isa = PBXBuildFile; fileRef = B11F72AC17DDC5A900295F6F /* UIKit.framework */; };
		B11F72AF17DDC5A900295F6F /* Foundation.framework in Frameworks */ = {isa = PBXBuildFile; fileRef = B11F72AE17DDC5A900295F6F /* Foundation.framework */; };
		B11F72B117DDC5A900295F6F /* CoreGraphics.framework in Frameworks */ = {isa = PBXBuildFile; fileRef = B11F72B017DDC5A900295F6F /* CoreGraphics.framework */; };
		B11F72B717DDC5A900295F6F /* InfoPlist.strings in Resources */ = {isa = PBXBuildFile; fileRef = B11F72B517DDC5A900295F6F /* InfoPlist.strings */; };
		B11F72B917DDC5A900295F6F /* main.m in Sources */ = {isa = PBXBuildFile; fileRef = B11F72B817DDC5A900295F6F /* main.m */; };
		B11F72BD17DDC5A900295F6F /* AppDelegate.m in Sources */ = {isa = PBXBuildFile; fileRef = B11F72BC17DDC5A900295F6F /* AppDelegate.m */; };
		B11F72BF17DDC5A900295F6F /* Default.png in Resources */ = {isa = PBXBuildFile; fileRef = B11F72BE17DDC5A900295F6F /* Default.png */; };
		B11F72C117DDC5A900295F6F /* Default@2x.png in Resources */ = {isa = PBXBuildFile; fileRef = B11F72C017DDC5A900295F6F /* Default@2x.png */; };
		B11F72C317DDC5A900295F6F /* Default-568h@2x.png in Resources */ = {isa = PBXBuildFile; fileRef = B11F72C217DDC5A900295F6F /* Default-568h@2x.png */; };
		B11F72C617DDC5A900295F6F /* ViewController.m in Sources */ = {isa = PBXBuildFile; fileRef = B11F72C517DDC5A900295F6F /* ViewController.m */; };
		B11F72C917DDC5A900295F6F /* ViewController_iPhone.xib in Resources */ = {isa = PBXBuildFile; fileRef = B11F72C717DDC5A900295F6F /* ViewController_iPhone.xib */; };
		B11F72CC17DDC5A900295F6F /* ViewController_iPad.xib in Resources */ = {isa = PBXBuildFile; fileRef = B11F72CA17DDC5A900295F6F /* ViewController_iPad.xib */; };
		B11F72D817DDC5D300295F6F /* libCHENTool.a in Frameworks */ = {isa = PBXBuildFile; fileRef = B11F72D717DDC5C900295F6F /* libCHENTool.a */; };
		B158262A17E8423E0064A539 /* libThirdTool.a in Frameworks */ = {isa = PBXBuildFile; fileRef = B158262917E842310064A539 /* libThirdTool.a */; };
		B158262F17E842DC0064A539 /* Page2ViewController.m in Sources */ = {isa = PBXBuildFile; fileRef = B158262E17E842DC0064A539 /* Page2ViewController.m */; };
		B1960A8F17E19598001D4F7F /* Page1ViewController.m in Sources */ = {isa = PBXBuildFile; fileRef = B1960A8E17E19598001D4F7F /* Page1ViewController.m */; };
		B1B3C957188E41C100ECB2DF /* libc++.dylib in Frameworks */ = {isa = PBXBuildFile; fileRef = B1B3C956188E41C100ECB2DF /* libc++.dylib */; };
		B1B3C959188E41CB00ECB2DF /* MobileCoreServices.framework in Frameworks */ = {isa = PBXBuildFile; fileRef = B1B3C958188E41CB00ECB2DF /* MobileCoreServices.framework */; };
		B1B3C95B188E41D400ECB2DF /* CoreMotion.framework in Frameworks */ = {isa = PBXBuildFile; fileRef = B1B3C95A188E41D400ECB2DF /* CoreMotion.framework */; };
		B1B3C95D188E41DF00ECB2DF /* CFNetwork.framework in Frameworks */ = {isa = PBXBuildFile; fileRef = B1B3C95C188E41DF00ECB2DF /* CFNetwork.framework */; };
		B1B3C960188E651D00ECB2DF /* Page7ViewController.m in Sources */ = {isa = PBXBuildFile; fileRef = B1B3C95F188E651D00ECB2DF /* Page7ViewController.m */; };
/* End PBXBuildFile section */

/* Begin PBXContainerItemProxy section */
		B11F72D617DDC5C900295F6F /* PBXContainerItemProxy */ = {
			isa = PBXContainerItemProxy;
			containerPortal = B11F72D217DDC5C900295F6F /* CHENTool.xcodeproj */;
			proxyType = 2;
			remoteGlobalIDString = B11F728F17DDC4E900295F6F;
			remoteInfo = CHENTool;
		};
		B11F72D917DDC6CA00295F6F /* PBXContainerItemProxy */ = {
			isa = PBXContainerItemProxy;
			containerPortal = B11F72D217DDC5C900295F6F /* CHENTool.xcodeproj */;
			proxyType = 1;
			remoteGlobalIDString = B11F728E17DDC4E900295F6F;
			remoteInfo = CHENTool;
		};
		B158262817E842310064A539 /* PBXContainerItemProxy */ = {
			isa = PBXContainerItemProxy;
			containerPortal = B158262417E842300064A539 /* ThirdTool.xcodeproj */;
			proxyType = 2;
			remoteGlobalIDString = B15825E417E83EC00064A539;
			remoteInfo = ThirdTool;
		};
		B158262B17E842430064A539 /* PBXContainerItemProxy */ = {
			isa = PBXContainerItemProxy;
			containerPortal = B158262417E842300064A539 /* ThirdTool.xcodeproj */;
			proxyType = 1;
			remoteGlobalIDString = B15825E317E83EC00064A539;
			remoteInfo = ThirdTool;
		};
/* End PBXContainerItemProxy section */

/* Begin PBXFileReference section */
		741007C91802F6920002789A /* Page3ViewController.h */ = {isa = PBXFileReference; fileEncoding = 4; lastKnownFileType = sourcecode.c.h; path = Page3ViewController.h; sourceTree = "<group>"; };
		741007CA1802F6920002789A /* Page3ViewController.m */ = {isa = PBXFileReference; fileEncoding = 4; lastKnownFileType = sourcecode.c.objc; path = Page3ViewController.m; sourceTree = "<group>"; };
		741007CD1802F6920002789A /* Page5ViewController.h */ = {isa = PBXFileReference; fileEncoding = 4; lastKnownFileType = sourcecode.c.h; path = Page5ViewController.h; sourceTree = "<group>"; };
		741007CE1802F6920002789A /* Page5ViewController.m */ = {isa = PBXFileReference; fileEncoding = 4; lastKnownFileType = sourcecode.c.objc; path = Page5ViewController.m; sourceTree = "<group>"; };
		741008301802F9F90002789A /* Page4ViewController.h */ = {isa = PBXFileReference; fileEncoding = 4; lastKnownFileType = sourcecode.c.h; path = Page4ViewController.h; sourceTree = "<group>"; };
		741008311802F9F90002789A /* Page4ViewController.m */ = {isa = PBXFileReference; fileEncoding = 4; lastKnownFileType = sourcecode.c.objc; path = Page4ViewController.m; sourceTree = "<group>"; };
		741008351802FAD90002789A /* showToolListData.plist */ = {isa = PBXFileReference; fileEncoding = 4; lastKnownFileType = text.plist.xml; path = showToolListData.plist; sourceTree = "<group>"; };
		741008391802FAEA0002789A /* en */ = {isa = PBXFileReference; lastKnownFileType = file.xib; name = en; path = en.lproj/Test5ViewController.xib; sourceTree = "<group>"; };
		7410083A1802FAEA0002789A /* LotteryEntry.h */ = {isa = PBXFileReference; fileEncoding = 4; lastKnownFileType = sourcecode.c.h; path = LotteryEntry.h; sourceTree = "<group>"; };
		7410083B1802FAEA0002789A /* LotteryEntry.m */ = {isa = PBXFileReference; fileEncoding = 4; lastKnownFileType = sourcecode.c.objc; path = LotteryEntry.m; sourceTree = "<group>"; };
		7410083C1802FAEA0002789A /* Test1ViewController.h */ = {isa = PBXFileReference; fileEncoding = 4; lastKnownFileType = sourcecode.c.h; path = Test1ViewController.h; sourceTree = "<group>"; };
		7410083D1802FAEA0002789A /* Test1ViewController.m */ = {isa = PBXFileReference; fileEncoding = 4; lastKnownFileType = sourcecode.c.objc; path = Test1ViewController.m; sourceTree = "<group>"; };
		7410083E1802FAEA0002789A /* Test2ViewController.h */ = {isa = PBXFileReference; fileEncoding = 4; lastKnownFileType = sourcecode.c.h; path = Test2ViewController.h; sourceTree = "<group>"; };
		7410083F1802FAEA0002789A /* Test2ViewController.m */ = {isa = PBXFileReference; fileEncoding = 4; lastKnownFileType = sourcecode.c.objc; path = Test2ViewController.m; sourceTree = "<group>"; };
		741008401802FAEA0002789A /* Test2ViewController.xib */ = {isa = PBXFileReference; fileEncoding = 4; lastKnownFileType = file.xib; path = Test2ViewController.xib; sourceTree = "<group>"; };
		741008411802FAEA0002789A /* Test3ViewController.h */ = {isa = PBXFileReference; fileEncoding = 4; lastKnownFileType = sourcecode.c.h; path = Test3ViewController.h; sourceTree = "<group>"; };
		741008421802FAEA0002789A /* Test3ViewController.m */ = {isa = PBXFileReference; fileEncoding = 4; lastKnownFileType = sourcecode.c.objc; path = Test3ViewController.m; sourceTree = "<group>"; };
		741008431802FAEA0002789A /* Test3ViewController.xib */ = {isa = PBXFileReference; fileEncoding = 4; lastKnownFileType = file.xib; path = Test3ViewController.xib; sourceTree = "<group>"; };
		741008441802FAEA0002789A /* Test4ViewController.h */ = {isa = PBXFileReference; fileEncoding = 4; lastKnownFileType = sourcecode.c.h; path = Test4ViewController.h; sourceTree = "<group>"; };
		741008451802FAEA0002789A /* Test4ViewController.m */ = {isa = PBXFileReference; fileEncoding = 4; lastKnownFileType = sourcecode.c.objc; path = Test4ViewController.m; sourceTree = "<group>"; };
		741008461802FAEA0002789A /* Test4ViewController.xib */ = {isa = PBXFileReference; fileEncoding = 4; lastKnownFileType = file.xib; path = Test4ViewController.xib; sourceTree = "<group>"; };
		741008471802FAEA0002789A /* Test5ViewController.h */ = {isa = PBXFileReference; fileEncoding = 4; lastKnownFileType = sourcecode.c.h; path = Test5ViewController.h; sourceTree = "<group>"; };
		741008481802FAEA0002789A /* Test5ViewController.m */ = {isa = PBXFileReference; fileEncoding = 4; lastKnownFileType = sourcecode.c.objc; path = Test5ViewController.m; sourceTree = "<group>"; };
		741008491802FAEA0002789A /* Test6ViewController.h */ = {isa = PBXFileReference; fileEncoding = 4; lastKnownFileType = sourcecode.c.h; path = Test6ViewController.h; sourceTree = "<group>"; };
		7410084A1802FAEA0002789A /* Test6ViewController.m */ = {isa = PBXFileReference; fileEncoding = 4; lastKnownFileType = sourcecode.c.objc; path = Test6ViewController.m; sourceTree = "<group>"; };
		74378A9B17FED12D0050405F /* QuartzCore.framework */ = {isa = PBXFileReference; lastKnownFileType = wrapper.framework; name = QuartzCore.framework; path = System/Library/Frameworks/QuartzCore.framework; sourceTree = SDKROOT; };
		74863DD517FD883100D2B101 /* AVFoundation.framework */ = {isa = PBXFileReference; lastKnownFileType = wrapper.framework; name = AVFoundation.framework; path = System/Library/Frameworks/AVFoundation.framework; sourceTree = SDKROOT; };
		74BD0371181FFFEB00C93BE9 /* img_record_progress@2x.png */ = {isa = PBXFileReference; lastKnownFileType = image.png; name = "img_record_progress@2x.png"; path = "../../../CHENTool/CHENTool/img_record_progress@2x.png"; sourceTree = "<group>"; };
		74BD0372181FFFEB00C93BE9 /* img_record_nine@2x.png */ = {isa = PBXFileReference; lastKnownFileType = image.png; name = "img_record_nine@2x.png"; path = "../../../CHENTool/CHENTool/img_record_nine@2x.png"; sourceTree = "<group>"; };
		74BD0373181FFFEB00C93BE9 /* img_record_one@2x.png */ = {isa = PBXFileReference; lastKnownFileType = image.png; name = "img_record_one@2x.png"; path = "../../../CHENTool/CHENTool/img_record_one@2x.png"; sourceTree = "<group>"; };
		74BE77B8181EACE100ACCC71 /* Page6ViewController.h */ = {isa = PBXFileReference; fileEncoding = 4; lastKnownFileType = sourcecode.c.h; path = Page6ViewController.h; sourceTree = "<group>"; };
		74BE77B9181EACE100ACCC71 /* Page6ViewController.m */ = {isa = PBXFileReference; fileEncoding = 4; lastKnownFileType = sourcecode.c.objc; path = Page6ViewController.m; sourceTree = "<group>"; };
		74BE77BC181EAEE300ACCC71 /* img_messagerecord_btn@2x.png */ = {isa = PBXFileReference; lastKnownFileType = image.png; path = "img_messagerecord_btn@2x.png"; sourceTree = "<group>"; };
		74BE77BD181EAEE300ACCC71 /* img_messagerecord_one@2x.png */ = {isa = PBXFileReference; lastKnownFileType = image.png; path = "img_messagerecord_one@2x.png"; sourceTree = "<group>"; };
		74BE77BE181EAEE300ACCC71 /* img_messagerecord_three@2x.png */ = {isa = PBXFileReference; lastKnownFileType = image.png; path = "img_messagerecord_three@2x.png"; sourceTree = "<group>"; };
		74BE77BF181EAEE300ACCC71 /* img_messagerecord_two@2x.png */ = {isa = PBXFileReference; lastKnownFileType = image.png; path = "img_messagerecord_two@2x.png"; sourceTree = "<group>"; };
		74DEB56817FBEF7E00FD024A /* testSource.plist */ = {isa = PBXFileReference; fileEncoding = 4; lastKnownFileType = text.plist.xml; path = testSource.plist; sourceTree = "<group>"; };
		B11F72A917DDC5A900295F6F /* ShowChenTool.app */ = {isa = PBXFileReference; explicitFileType = wrapper.application; includeInIndex = 0; path = ShowChenTool.app; sourceTree = BUILT_PRODUCTS_DIR; };
		B11F72AC17DDC5A900295F6F /* UIKit.framework */ = {isa = PBXFileReference; lastKnownFileType = wrapper.framework; name = UIKit.framework; path = System/Library/Frameworks/UIKit.framework; sourceTree = SDKROOT; };
		B11F72AE17DDC5A900295F6F /* Foundation.framework */ = {isa = PBXFileReference; lastKnownFileType = wrapper.framework; name = Foundation.framework; path = System/Library/Frameworks/Foundation.framework; sourceTree = SDKROOT; };
		B11F72B017DDC5A900295F6F /* CoreGraphics.framework */ = {isa = PBXFileReference; lastKnownFileType = wrapper.framework; name = CoreGraphics.framework; path = System/Library/Frameworks/CoreGraphics.framework; sourceTree = SDKROOT; };
		B11F72B417DDC5A900295F6F /* ShowChenTool-Info.plist */ = {isa = PBXFileReference; lastKnownFileType = text.plist.xml; path = "ShowChenTool-Info.plist"; sourceTree = "<group>"; };
		B11F72B617DDC5A900295F6F /* en */ = {isa = PBXFileReference; lastKnownFileType = text.plist.strings; name = en; path = en.lproj/InfoPlist.strings; sourceTree = "<group>"; };
		B11F72B817DDC5A900295F6F /* main.m */ = {isa = PBXFileReference; lastKnownFileType = sourcecode.c.objc; path = main.m; sourceTree = "<group>"; };
		B11F72BA17DDC5A900295F6F /* ShowChenTool-Prefix.pch */ = {isa = PBXFileReference; lastKnownFileType = sourcecode.c.h; path = "ShowChenTool-Prefix.pch"; sourceTree = "<group>"; };
		B11F72BB17DDC5A900295F6F /* AppDelegate.h */ = {isa = PBXFileReference; lastKnownFileType = sourcecode.c.h; path = AppDelegate.h; sourceTree = "<group>"; };
		B11F72BC17DDC5A900295F6F /* AppDelegate.m */ = {isa = PBXFileReference; lastKnownFileType = sourcecode.c.objc; path = AppDelegate.m; sourceTree = "<group>"; };
		B11F72BE17DDC5A900295F6F /* Default.png */ = {isa = PBXFileReference; lastKnownFileType = image.png; path = Default.png; sourceTree = "<group>"; };
		B11F72C017DDC5A900295F6F /* Default@2x.png */ = {isa = PBXFileReference; lastKnownFileType = image.png; path = "Default@2x.png"; sourceTree = "<group>"; };
		B11F72C217DDC5A900295F6F /* Default-568h@2x.png */ = {isa = PBXFileReference; lastKnownFileType = image.png; path = "Default-568h@2x.png"; sourceTree = "<group>"; };
		B11F72C417DDC5A900295F6F /* ViewController.h */ = {isa = PBXFileReference; lastKnownFileType = sourcecode.c.h; path = ViewController.h; sourceTree = "<group>"; };
		B11F72C517DDC5A900295F6F /* ViewController.m */ = {isa = PBXFileReference; lastKnownFileType = sourcecode.c.objc; path = ViewController.m; sourceTree = "<group>"; };
		B11F72C817DDC5A900295F6F /* en */ = {isa = PBXFileReference; lastKnownFileType = file.xib; name = en; path = en.lproj/ViewController_iPhone.xib; sourceTree = "<group>"; };
		B11F72CB17DDC5A900295F6F /* en */ = {isa = PBXFileReference; lastKnownFileType = file.xib; name = en; path = en.lproj/ViewController_iPad.xib; sourceTree = "<group>"; };
		B11F72D217DDC5C900295F6F /* CHENTool.xcodeproj */ = {isa = PBXFileReference; lastKnownFileType = "wrapper.pb-project"; name = CHENTool.xcodeproj; path = ../CHENTool/CHENTool.xcodeproj; sourceTree = "<group>"; };
		B158262417E842300064A539 /* ThirdTool.xcodeproj */ = {isa = PBXFileReference; lastKnownFileType = "wrapper.pb-project"; name = ThirdTool.xcodeproj; path = ../ThirdTool/ThirdTool.xcodeproj; sourceTree = "<group>"; };
		B158262D17E842DC0064A539 /* Page2ViewController.h */ = {isa = PBXFileReference; fileEncoding = 4; lastKnownFileType = sourcecode.c.h; path = Page2ViewController.h; sourceTree = "<group>"; };
		B158262E17E842DC0064A539 /* Page2ViewController.m */ = {isa = PBXFileReference; fileEncoding = 4; lastKnownFileType = sourcecode.c.objc; path = Page2ViewController.m; sourceTree = "<group>"; };
		B1960A8D17E19598001D4F7F /* Page1ViewController.h */ = {isa = PBXFileReference; fileEncoding = 4; lastKnownFileType = sourcecode.c.h; path = Page1ViewController.h; sourceTree = "<group>"; };
		B1960A8E17E19598001D4F7F /* Page1ViewController.m */ = {isa = PBXFileReference; fileEncoding = 4; lastKnownFileType = sourcecode.c.objc; path = Page1ViewController.m; sourceTree = "<group>"; };
		B1B3C8D6188E00C000ECB2DF /* TagDefine.h */ = {isa = PBXFileReference; lastKnownFileType = sourcecode.c.h; path = TagDefine.h; sourceTree = "<group>"; };
		B1B3C956188E41C100ECB2DF /* libc++.dylib */ = {isa = PBXFileReference; lastKnownFileType = "compiled.mach-o.dylib"; name = "libc++.dylib"; path = "usr/lib/libc++.dylib"; sourceTree = SDKROOT; };
		B1B3C958188E41CB00ECB2DF /* MobileCoreServices.framework */ = {isa = PBXFileReference; lastKnownFileType = wrapper.framework; name = MobileCoreServices.framework; path = System/Library/Frameworks/MobileCoreServices.framework; sourceTree = SDKROOT; };
		B1B3C95A188E41D400ECB2DF /* CoreMotion.framework */ = {isa = PBXFileReference; lastKnownFileType = wrapper.framework; name = CoreMotion.framework; path = System/Library/Frameworks/CoreMotion.framework; sourceTree = SDKROOT; };
		B1B3C95C188E41DF00ECB2DF /* CFNetwork.framework */ = {isa = PBXFileReference; lastKnownFileType = wrapper.framework; name = CFNetwork.framework; path = System/Library/Frameworks/CFNetwork.framework; sourceTree = SDKROOT; };
		B1B3C95E188E651D00ECB2DF /* Page7ViewController.h */ = {isa = PBXFileReference; fileEncoding = 4; lastKnownFileType = sourcecode.c.h; path = Page7ViewController.h; sourceTree = "<group>"; };
		B1B3C95F188E651D00ECB2DF /* Page7ViewController.m */ = {isa = PBXFileReference; fileEncoding = 4; lastKnownFileType = sourcecode.c.objc; path = Page7ViewController.m; sourceTree = "<group>"; };
/* End PBXFileReference section */

/* Begin PBXFrameworksBuildPhase section */
		B11F72A617DDC5A900295F6F /* Frameworks */ = {
			isa = PBXFrameworksBuildPhase;
			buildActionMask = 2147483647;
			files = (
				B1B3C95D188E41DF00ECB2DF /* CFNetwork.framework in Frameworks */,
				B1B3C95B188E41D400ECB2DF /* CoreMotion.framework in Frameworks */,
				B1B3C959188E41CB00ECB2DF /* MobileCoreServices.framework in Frameworks */,
				B1B3C957188E41C100ECB2DF /* libc++.dylib in Frameworks */,
				74378A9C17FED12D0050405F /* QuartzCore.framework in Frameworks */,
				74863DD617FD883100D2B101 /* AVFoundation.framework in Frameworks */,
				B158262A17E8423E0064A539 /* libThirdTool.a in Frameworks */,
				B11F72D817DDC5D300295F6F /* libCHENTool.a in Frameworks */,
				B11F72AD17DDC5A900295F6F /* UIKit.framework in Frameworks */,
				B11F72AF17DDC5A900295F6F /* Foundation.framework in Frameworks */,
				B11F72B117DDC5A900295F6F /* CoreGraphics.framework in Frameworks */,
			);
			runOnlyForDeploymentPostprocessing = 0;
		};
/* End PBXFrameworksBuildPhase section */

/* Begin PBXGroup section */
		741008371802FAEA0002789A /* test */ = {
			isa = PBXGroup;
			children = (
				741008381802FAEA0002789A /* Test5ViewController.xib */,
				7410083A1802FAEA0002789A /* LotteryEntry.h */,
				7410083B1802FAEA0002789A /* LotteryEntry.m */,
				7410083C1802FAEA0002789A /* Test1ViewController.h */,
				7410083D1802FAEA0002789A /* Test1ViewController.m */,
				7410083E1802FAEA0002789A /* Test2ViewController.h */,
				7410083F1802FAEA0002789A /* Test2ViewController.m */,
				741008401802FAEA0002789A /* Test2ViewController.xib */,
				741008411802FAEA0002789A /* Test3ViewController.h */,
				741008421802FAEA0002789A /* Test3ViewController.m */,
				741008431802FAEA0002789A /* Test3ViewController.xib */,
				741008441802FAEA0002789A /* Test4ViewController.h */,
				741008451802FAEA0002789A /* Test4ViewController.m */,
				741008461802FAEA0002789A /* Test4ViewController.xib */,
				741008471802FAEA0002789A /* Test5ViewController.h */,
				741008481802FAEA0002789A /* Test5ViewController.m */,
				741008491802FAEA0002789A /* Test6ViewController.h */,
				7410084A1802FAEA0002789A /* Test6ViewController.m */,
			);
			path = test;
			sourceTree = "<group>";
		};
		74BE77BB181EAED500ACCC71 /* image */ = {
			isa = PBXGroup;
			children = (
				74BD0371181FFFEB00C93BE9 /* img_record_progress@2x.png */,
				74BD0372181FFFEB00C93BE9 /* img_record_nine@2x.png */,
				74BD0373181FFFEB00C93BE9 /* img_record_one@2x.png */,
				74BE77BC181EAEE300ACCC71 /* img_messagerecord_btn@2x.png */,
				74BE77BD181EAEE300ACCC71 /* img_messagerecord_one@2x.png */,
				74BE77BE181EAEE300ACCC71 /* img_messagerecord_three@2x.png */,
				74BE77BF181EAEE300ACCC71 /* img_messagerecord_two@2x.png */,
			);
			path = image;
			sourceTree = "<group>";
		};
		B11F72A017DDC5A900295F6F = {
			isa = PBXGroup;
			children = (
				B158262417E842300064A539 /* ThirdTool.xcodeproj */,
				B11F72D217DDC5C900295F6F /* CHENTool.xcodeproj */,
				B11F72B217DDC5A900295F6F /* ShowChenTool */,
				B11F72AB17DDC5A900295F6F /* Frameworks */,
				B11F72AA17DDC5A900295F6F /* Products */,
			);
			sourceTree = "<group>";
		};
		B11F72AA17DDC5A900295F6F /* Products */ = {
			isa = PBXGroup;
			children = (
				B11F72A917DDC5A900295F6F /* ShowChenTool.app */,
			);
			name = Products;
			sourceTree = "<group>";
		};
		B11F72AB17DDC5A900295F6F /* Frameworks */ = {
			isa = PBXGroup;
			children = (
				B1B3C95C188E41DF00ECB2DF /* CFNetwork.framework */,
				B1B3C95A188E41D400ECB2DF /* CoreMotion.framework */,
				B1B3C958188E41CB00ECB2DF /* MobileCoreServices.framework */,
				B1B3C956188E41C100ECB2DF /* libc++.dylib */,
				74378A9B17FED12D0050405F /* QuartzCore.framework */,
				74863DD517FD883100D2B101 /* AVFoundation.framework */,
				B11F72AC17DDC5A900295F6F /* UIKit.framework */,
				B11F72AE17DDC5A900295F6F /* Foundation.framework */,
				B11F72B017DDC5A900295F6F /* CoreGraphics.framework */,
			);
			name = Frameworks;
			sourceTree = "<group>";
		};
		B11F72B217DDC5A900295F6F /* ShowChenTool */ = {
			isa = PBXGroup;
			children = (
				B1B3C8D6188E00C000ECB2DF /* TagDefine.h */,
				74BE77BB181EAED500ACCC71 /* image */,
				B11F72BB17DDC5A900295F6F /* AppDelegate.h */,
				B11F72BC17DDC5A900295F6F /* AppDelegate.m */,
				B11F72C417DDC5A900295F6F /* ViewController.h */,
				B11F72C517DDC5A900295F6F /* ViewController.m */,
				B11F72C717DDC5A900295F6F /* ViewController_iPhone.xib */,
				B11F72CA17DDC5A900295F6F /* ViewController_iPad.xib */,
				B1960A8D17E19598001D4F7F /* Page1ViewController.h */,
				B1960A8E17E19598001D4F7F /* Page1ViewController.m */,
				B158262D17E842DC0064A539 /* Page2ViewController.h */,
				B158262E17E842DC0064A539 /* Page2ViewController.m */,
				741007C91802F6920002789A /* Page3ViewController.h */,
				741007CA1802F6920002789A /* Page3ViewController.m */,
				741008301802F9F90002789A /* Page4ViewController.h */,
				741008311802F9F90002789A /* Page4ViewController.m */,
				741007CD1802F6920002789A /* Page5ViewController.h */,
				741007CE1802F6920002789A /* Page5ViewController.m */,
				741008371802FAEA0002789A /* test */,
				74BE77B8181EACE100ACCC71 /* Page6ViewController.h */,
				74BE77B9181EACE100ACCC71 /* Page6ViewController.m */,
				B1B3C95E188E651D00ECB2DF /* Page7ViewController.h */,
				B1B3C95F188E651D00ECB2DF /* Page7ViewController.m */,
				B11F72B317DDC5A900295F6F /* Supporting Files */,
			);
			path = ShowChenTool;
			sourceTree = "<group>";
		};
		B11F72B317DDC5A900295F6F /* Supporting Files */ = {
			isa = PBXGroup;
			children = (
				741008351802FAD90002789A /* showToolListData.plist */,
				B11F72B417DDC5A900295F6F /* ShowChenTool-Info.plist */,
				B11F72B517DDC5A900295F6F /* InfoPlist.strings */,
				B11F72B817DDC5A900295F6F /* main.m */,
				B11F72BA17DDC5A900295F6F /* ShowChenTool-Prefix.pch */,
				B11F72BE17DDC5A900295F6F /* Default.png */,
				B11F72C017DDC5A900295F6F /* Default@2x.png */,
				B11F72C217DDC5A900295F6F /* Default-568h@2x.png */,
				74DEB56817FBEF7E00FD024A /* testSource.plist */,
			);
			name = "Supporting Files";
			sourceTree = "<group>";
		};
		B11F72D317DDC5C900295F6F /* Products */ = {
			isa = PBXGroup;
			children = (
				B11F72D717DDC5C900295F6F /* libCHENTool.a */,
			);
			name = Products;
			sourceTree = "<group>";
		};
		B158262517E842300064A539 /* Products */ = {
			isa = PBXGroup;
			children = (
				B158262917E842310064A539 /* libThirdTool.a */,
			);
			name = Products;
			sourceTree = "<group>";
		};
/* End PBXGroup section */

/* Begin PBXNativeTarget section */
		B11F72A817DDC5A900295F6F /* ShowChenTool */ = {
			isa = PBXNativeTarget;
			buildConfigurationList = B11F72CF17DDC5A900295F6F /* Build configuration list for PBXNativeTarget "ShowChenTool" */;
			buildPhases = (
				B11F72A517DDC5A900295F6F /* Sources */,
				B11F72A617DDC5A900295F6F /* Frameworks */,
				B11F72A717DDC5A900295F6F /* Resources */,
			);
			buildRules = (
			);
			dependencies = (
				B158262C17E842430064A539 /* PBXTargetDependency */,
				B11F72DA17DDC6CA00295F6F /* PBXTargetDependency */,
			);
			name = ShowChenTool;
			productName = ShowChenTool;
			productReference = B11F72A917DDC5A900295F6F /* ShowChenTool.app */;
			productType = "com.apple.product-type.application";
		};
/* End PBXNativeTarget section */

/* Begin PBXProject section */
		B11F72A117DDC5A900295F6F /* Project object */ = {
			isa = PBXProject;
			attributes = {
				LastUpgradeCheck = 0460;
				ORGANIZATIONNAME = User;
			};
			buildConfigurationList = B11F72A417DDC5A900295F6F /* Build configuration list for PBXProject "ShowChenTool" */;
			compatibilityVersion = "Xcode 3.2";
			developmentRegion = English;
			hasScannedForEncodings = 0;
			knownRegions = (
				en,
			);
			mainGroup = B11F72A017DDC5A900295F6F;
			productRefGroup = B11F72AA17DDC5A900295F6F /* Products */;
			projectDirPath = "";
			projectReferences = (
				{
					ProductGroup = B11F72D317DDC5C900295F6F /* Products */;
					ProjectRef = B11F72D217DDC5C900295F6F /* CHENTool.xcodeproj */;
				},
				{
					ProductGroup = B158262517E842300064A539 /* Products */;
					ProjectRef = B158262417E842300064A539 /* ThirdTool.xcodeproj */;
				},
			);
			projectRoot = "";
			targets = (
				B11F72A817DDC5A900295F6F /* ShowChenTool */,
			);
		};
/* End PBXProject section */

/* Begin PBXReferenceProxy section */
		B11F72D717DDC5C900295F6F /* libCHENTool.a */ = {
			isa = PBXReferenceProxy;
			fileType = archive.ar;
			path = libCHENTool.a;
			remoteRef = B11F72D617DDC5C900295F6F /* PBXContainerItemProxy */;
			sourceTree = BUILT_PRODUCTS_DIR;
		};
		B158262917E842310064A539 /* libThirdTool.a */ = {
			isa = PBXReferenceProxy;
			fileType = archive.ar;
			path = libThirdTool.a;
			remoteRef = B158262817E842310064A539 /* PBXContainerItemProxy */;
			sourceTree = BUILT_PRODUCTS_DIR;
		};
/* End PBXReferenceProxy section */

/* Begin PBXResourcesBuildPhase section */
		B11F72A717DDC5A900295F6F /* Resources */ = {
			isa = PBXResourcesBuildPhase;
			buildActionMask = 2147483647;
			files = (
				B11F72B717DDC5A900295F6F /* InfoPlist.strings in Resources */,
				74BE77C2181EAEE300ACCC71 /* img_messagerecord_three@2x.png in Resources */,
				74BE77C3181EAEE300ACCC71 /* img_messagerecord_two@2x.png in Resources */,
				74BD0374181FFFEB00C93BE9 /* img_record_progress@2x.png in Resources */,
				B11F72BF17DDC5A900295F6F /* Default.png in Resources */,
				B11F72C117DDC5A900295F6F /* Default@2x.png in Resources */,
				74DEB56917FBEF7E00FD024A /* testSource.plist in Resources */,
				B11F72C317DDC5A900295F6F /* Default-568h@2x.png in Resources */,
				7410084F1802FAEA0002789A /* Test2ViewController.xib in Resources */,
				74BE77C0181EAEE300ACCC71 /* img_messagerecord_btn@2x.png in Resources */,
				741008511802FAEA0002789A /* Test3ViewController.xib in Resources */,
				741008531802FAEA0002789A /* Test4ViewController.xib in Resources */,
				74BD0376181FFFEB00C93BE9 /* img_record_one@2x.png in Resources */,
				741008361802FAD90002789A /* showToolListData.plist in Resources */,
				74BD0375181FFFEB00C93BE9 /* img_record_nine@2x.png in Resources */,
				7410084B1802FAEA0002789A /* Test5ViewController.xib in Resources */,
				B11F72C917DDC5A900295F6F /* ViewController_iPhone.xib in Resources */,
				74BE77C1181EAEE300ACCC71 /* img_messagerecord_one@2x.png in Resources */,
				B11F72CC17DDC5A900295F6F /* ViewController_iPad.xib in Resources */,
			);
			runOnlyForDeploymentPostprocessing = 0;
		};
/* End PBXResourcesBuildPhase section */

/* Begin PBXSourcesBuildPhase section */
		B11F72A517DDC5A900295F6F /* Sources */ = {
			isa = PBXSourcesBuildPhase;
			buildActionMask = 2147483647;
			files = (
				741008541802FAEA0002789A /* Test5ViewController.m in Sources */,
				7410084E1802FAEA0002789A /* Test2ViewController.m in Sources */,
				B1B3C960188E651D00ECB2DF /* Page7ViewController.m in Sources */,
				74BE77BA181EACE100ACCC71 /* Page6ViewController.m in Sources */,
				741008321802F9F90002789A /* Page4ViewController.m in Sources */,
				741008551802FAEA0002789A /* Test6ViewController.m in Sources */,
				741008501802FAEA0002789A /* Test3ViewController.m in Sources */,
				B11F72B917DDC5A900295F6F /* main.m in Sources */,
				B11F72BD17DDC5A900295F6F /* AppDelegate.m in Sources */,
				741007E31802F6920002789A /* Page3ViewController.m in Sources */,
				741007E51802F6920002789A /* Page5ViewController.m in Sources */,
				741008521802FAEA0002789A /* Test4ViewController.m in Sources */,
				7410084C1802FAEA0002789A /* LotteryEntry.m in Sources */,
				7410084D1802FAEA0002789A /* Test1ViewController.m in Sources */,
				B11F72C617DDC5A900295F6F /* ViewController.m in Sources */,
				B1960A8F17E19598001D4F7F /* Page1ViewController.m in Sources */,
				B158262F17E842DC0064A539 /* Page2ViewController.m in Sources */,
			);
			runOnlyForDeploymentPostprocessing = 0;
		};
/* End PBXSourcesBuildPhase section */

/* Begin PBXTargetDependency section */
		B11F72DA17DDC6CA00295F6F /* PBXTargetDependency */ = {
			isa = PBXTargetDependency;
			name = CHENTool;
			targetProxy = B11F72D917DDC6CA00295F6F /* PBXContainerItemProxy */;
		};
		B158262C17E842430064A539 /* PBXTargetDependency */ = {
			isa = PBXTargetDependency;
			name = ThirdTool;
			targetProxy = B158262B17E842430064A539 /* PBXContainerItemProxy */;
		};
/* End PBXTargetDependency section */

/* Begin PBXVariantGroup section */
		741008381802FAEA0002789A /* Test5ViewController.xib */ = {
			isa = PBXVariantGroup;
			children = (
				741008391802FAEA0002789A /* en */,
			);
			name = Test5ViewController.xib;
			sourceTree = "<group>";
		};
		B11F72B517DDC5A900295F6F /* InfoPlist.strings */ = {
			isa = PBXVariantGroup;
			children = (
				B11F72B617DDC5A900295F6F /* en */,
			);
			name = InfoPlist.strings;
			sourceTree = "<group>";
		};
		B11F72C717DDC5A900295F6F /* ViewController_iPhone.xib */ = {
			isa = PBXVariantGroup;
			children = (
				B11F72C817DDC5A900295F6F /* en */,
			);
			name = ViewController_iPhone.xib;
			sourceTree = "<group>";
		};
		B11F72CA17DDC5A900295F6F /* ViewController_iPad.xib */ = {
			isa = PBXVariantGroup;
			children = (
				B11F72CB17DDC5A900295F6F /* en */,
			);
			name = ViewController_iPad.xib;
			sourceTree = "<group>";
		};
/* End PBXVariantGroup section */

/* Begin XCBuildConfiguration section */
		B11F72CD17DDC5A900295F6F /* Debug */ = {
			isa = XCBuildConfiguration;
			buildSettings = {
				ALWAYS_SEARCH_USER_PATHS = NO;
				CLANG_CXX_LANGUAGE_STANDARD = "gnu++0x";
				CLANG_CXX_LIBRARY = "libc++";
				CLANG_WARN_CONSTANT_CONVERSION = YES;
				CLANG_WARN_EMPTY_BODY = YES;
				CLANG_WARN_ENUM_CONVERSION = YES;
				CLANG_WARN_INT_CONVERSION = YES;
				CLANG_WARN__DUPLICATE_METHOD_MATCH = YES;
				"CODE_SIGN_IDENTITY[sdk=iphoneos*]" = "iPhone Developer";
				COPY_PHASE_STRIP = NO;
				GCC_C_LANGUAGE_STANDARD = gnu99;
				GCC_DYNAMIC_NO_PIC = NO;
				GCC_OPTIMIZATION_LEVEL = 0;
				GCC_PREPROCESSOR_DEFINITIONS = (
					"DEBUG=1",
					"$(inherited)",
				);
				GCC_SYMBOLS_PRIVATE_EXTERN = NO;
				GCC_WARN_ABOUT_RETURN_TYPE = YES;
				GCC_WARN_UNINITIALIZED_AUTOS = YES;
				GCC_WARN_UNUSED_VARIABLE = YES;
				IPHONEOS_DEPLOYMENT_TARGET = 6.1;
				ONLY_ACTIVE_ARCH = YES;
				SDKROOT = iphoneos;
				TARGETED_DEVICE_FAMILY = "1,2";
			};
			name = Debug;
		};
		B11F72CE17DDC5A900295F6F /* Release */ = {
			isa = XCBuildConfiguration;
			buildSettings = {
				ALWAYS_SEARCH_USER_PATHS = NO;
				CLANG_CXX_LANGUAGE_STANDARD = "gnu++0x";
				CLANG_CXX_LIBRARY = "libc++";
				CLANG_WARN_CONSTANT_CONVERSION = YES;
				CLANG_WARN_EMPTY_BODY = YES;
				CLANG_WARN_ENUM_CONVERSION = YES;
				CLANG_WARN_INT_CONVERSION = YES;
				CLANG_WARN__DUPLICATE_METHOD_MATCH = YES;
				"CODE_SIGN_IDENTITY[sdk=iphoneos*]" = "iPhone Developer";
				COPY_PHASE_STRIP = YES;
				GCC_C_LANGUAGE_STANDARD = gnu99;
				GCC_WARN_ABOUT_RETURN_TYPE = YES;
				GCC_WARN_UNINITIALIZED_AUTOS = YES;
				GCC_WARN_UNUSED_VARIABLE = YES;
				IPHONEOS_DEPLOYMENT_TARGET = 6.1;
				OTHER_CFLAGS = "-DNS_BLOCK_ASSERTIONS=1";
				SDKROOT = iphoneos;
				TARGETED_DEVICE_FAMILY = "1,2";
				VALIDATE_PRODUCT = YES;
			};
			name = Release;
		};
		B11F72D017DDC5A900295F6F /* Debug */ = {
			isa = XCBuildConfiguration;
			buildSettings = {
				GCC_PRECOMPILE_PREFIX_HEADER = YES;
				GCC_PREFIX_HEADER = "ShowChenTool/ShowChenTool-Prefix.pch";
				HEADER_SEARCH_PATHS = (
					$SOURCE_ROOT/../CHENTool/CHENTool/,
					$SOURCE_ROOT/../ThirdTool/ThirdTool/,
				);
				INFOPLIST_FILE = "ShowChenTool/ShowChenTool-Info.plist";
				OTHER_LDFLAGS = "-ObjC";
				PRODUCT_NAME = "$(TARGET_NAME)";
				WRAPPER_EXTENSION = app;
			};
			name = Debug;
		};
		B11F72D117DDC5A900295F6F /* Release */ = {
			isa = XCBuildConfiguration;
			buildSettings = {
				GCC_PRECOMPILE_PREFIX_HEADER = YES;
				GCC_PREFIX_HEADER = "ShowChenTool/ShowChenTool-Prefix.pch";
				HEADER_SEARCH_PATHS = (
					$SOURCE_ROOT/../CHENTool/CHENTool/,
					$SOURCE_ROOT/../ThirdTool/ThirdTool/,
				);
				INFOPLIST_FILE = "ShowChenTool/ShowChenTool-Info.plist";
				OTHER_LDFLAGS = "-ObjC";
				PRODUCT_NAME = "$(TARGET_NAME)";
				WRAPPER_EXTENSION = app;
			};
			name = Release;
		};
/* End XCBuildConfiguration section */

/* Begin XCConfigurationList section */
		B11F72A417DDC5A900295F6F /* Build configuration list for PBXProject "ShowChenTool" */ = {
			isa = XCConfigurationList;
			buildConfigurations = (
				B11F72CD17DDC5A900295F6F /* Debug */,
				B11F72CE17DDC5A900295F6F /* Release */,
			);
			defaultConfigurationIsVisible = 0;
			defaultConfigurationName = Release;
		};
		B11F72CF17DDC5A900295F6F /* Build configuration list for PBXNativeTarget "ShowChenTool" */ = {
			isa = XCConfigurationList;
			buildConfigurations = (
				B11F72D017DDC5A900295F6F /* Debug */,
				B11F72D117DDC5A900295F6F /* Release */,
			);
			defaultConfigurationIsVisible = 0;
			defaultConfigurationName = Release;
		};
/* End XCConfigurationList section */
	};
	rootObject = B11F72A117DDC5A900295F6F /* Project object */;
}
